{
  "name": "personal-agentic-os",
  "version": "0.9.1",
  "lockfileVersion": 3,
  "requires": true,
  "packages": {
    "": {
      "name": "personal-agentic-os",
      "version": "0.9.1",
      "license": "MIT",
      "bin": {
        "personal-agentic-os": "src/cli.js"
      },
      "engines": {
        "node": ">=20"
      }
    }
  }
}
